
Microsoft Visual Studio Solution File, Format Version 12.00
# Visual Studio Version 16
VisualStudioVersion = 16.0.31729.503
MinimumVisualStudioVersion = 10.0.40219.1
Project("{FAE04EC0-301F-11D3-BF4B-00C04F79EFBC}") = "TEST_MVC", "TEST_MVC\TEST_MVC.csproj", "{BDECF096-4F79-4AD5-B491-871E7360FFF3}"
EndProject
Project("{FAE04EC0-301F-11D3-BF4B-00C04F79EFBC}") = "TEST_MVC_2", "TEST_MVC_2\TEST_MVC_2.csproj", "{5211575A-CD80-4595-A7EF-BFB84E72C1D8}"
EndProject
Project("{FAE04EC0-301F-11D3-BF4B-00C04F79EFBC}") = "Frugal_Nova_Mvc", "..\Frugal_Nova_Mvc\Frugal_Nova_Mvc.csproj", "{A2B1D5A9-1C4E-4E7C-83E5-6AE960F472C6}"
EndProject
Project("{FAE04EC0-301F-11D3-BF4B-00C04F79EFBC}") = "TEST_PROJECT", "TEST_PROJECT\TEST_PROJECT.csproj", "{DCBF1BF2-8739-47B1-ABFA-2FE851AEB843}"
EndProject
Project("{9A19103F-16F7-4668-BE54-9A1E7A4F7556}") = "DOT_NET_CORE_MVC", "..\DOT_NET_TEST\DOT_NET_CORE_MVC.csproj", "{5B02AD0C-8787-4099-8DCC-C7F9AA25C74C}"
EndProject
Project("{9A19103F-16F7-4668-BE54-9A1E7A4F7556}") = "DOTE_NET_CORE_APP", "..\DOTE_NET_CORE_APP\DOTE_NET_CORE_APP.csproj", "{1F7637C8-6A7F-49B5-9632-6FB19A2DA024}"
EndProject
Project("{9A19103F-16F7-4668-BE54-9A1E7A4F7556}") = "DotNet5Crud", "..\ASP.NETCORE5.0CRUD\DotNet5Crud.csproj", "{50D4E654-9B68-4E00-B47A-DF702D00B524}"
EndProject
Project("{9A19103F-16F7-4668-BE54-9A1E7A4F7556}") = "ASP_CORE_ANGULAR", "ASP_CORE_ANGULAR\ASP_CORE_ANGULAR.csproj", "{8D6FC4A0-362E-4B06-A7ED-2D56C3334323}"
EndProject
Project("{9A19103F-16F7-4668-BE54-9A1E7A4F7556}") = "ASP_CORE_REACT", "ASP_CORE_REACT\ASP_CORE_REACT.csproj", "{B350D954-BCF1-4EC3-A30F-A676B302C773}"
EndProject
Project("{FAE04EC0-301F-11D3-BF4B-00C04F79EFBC}") = "TEST_SURAT", "..\TEST_SURAT\TEST_SURAT\TEST_SURAT.csproj", "{38EC39C4-3F9A-4EAF-A178-6EF0FF440752}"
EndProject
Global
	GlobalSection(SolutionConfigurationPlatforms) = preSolution
		Debug|Any CPU = Debug|Any CPU
		Release|Any CPU = Release|Any CPU
	EndGlobalSection
	GlobalSection(ProjectConfigurationPlatforms) = postSolution
		{BDECF096-4F79-4AD5-B491-871E7360FFF3}.Debug|Any CPU.ActiveCfg = Debug|Any CPU
		{BDECF096-4F79-4AD5-B491-871E7360FFF3}.Debug|Any CPU.Build.0 = Debug|Any CPU
		{BDECF096-4F79-4AD5-B491-871E7360FFF3}.Release|Any CPU.ActiveCfg = Release|Any CPU
		{BDECF096-4F79-4AD5-B491-871E7360FFF3}.Release|Any CPU.Build.0 = Release|Any CPU
		{5211575A-CD80-4595-A7EF-BFB84E72C1D8}.Debug|Any CPU.ActiveCfg = Debug|Any CPU
		{5211575A-CD80-4595-A7EF-BFB84E72C1D8}.Debug|Any CPU.Build.0 = Debug|Any CPU
		{5211575A-CD80-4595-A7EF-BFB84E72C1D8}.Release|Any CPU.ActiveCfg = Release|Any CPU
		{5211575A-CD80-4595-A7EF-BFB84E72C1D8}.Release|Any CPU.Build.0 = Release|Any CPU
		{A2B1D5A9-1C4E-4E7C-83E5-6AE960F472C6}.Debug|Any CPU.ActiveCfg = Debug|Any CPU
		{A2B1D5A9-1C4E-4E7C-83E5-6AE960F472C6}.Debug|Any CPU.Build.0 = Debug|Any CPU
		{A2B1D5A9-1C4E-4E7C-83E5-6AE960F472C6}.Release|Any CPU.ActiveCfg = Release|Any CPU
		{A2B1D5A9-1C4E-4E7C-83E5-6AE960F472C6}.Release|Any CPU.Build.0 = Release|Any CPU
		{DCBF1BF2-8739-47B1-ABFA-2FE851AEB843}.Debug|Any CPU.ActiveCfg = Debug|Any CPU
		{DCBF1BF2-8739-47B1-ABFA-2FE851AEB843}.Debug|Any CPU.Build.0 = Debug|Any CPU
		{DCBF1BF2-8739-47B1-ABFA-2FE851AEB843}.Release|Any CPU.ActiveCfg = Release|Any CPU
		{DCBF1BF2-8739-47B1-ABFA-2FE851AEB843}.Release|Any CPU.Build.0 = Release|Any CPU
		{5B02AD0C-8787-4099-8DCC-C7F9AA25C74C}.Debug|Any CPU.ActiveCfg = Debug|Any CPU
		{5B02AD0C-8787-4099-8DCC-C7F9AA25C74C}.Debug|Any CPU.Build.0 = Debug|Any CPU
		{5B02AD0C-8787-4099-8DCC-C7F9AA25C74C}.Release|Any CPU.ActiveCfg = Release|Any CPU
		{5B02AD0C-8787-4099-8DCC-C7F9AA25C74C}.Release|Any CPU.Build.0 = Release|Any CPU
		{1F7637C8-6A7F-49B5-9632-6FB19A2DA024}.Debug|Any CPU.ActiveCfg = Debug|Any CPU
		{1F7637C8-6A7F-49B5-9632-6FB19A2DA024}.Debug|Any CPU.Build.0 = Debug|Any CPU
		{1F7637C8-6A7F-49B5-9632-6FB19A2DA024}.Release|Any CPU.ActiveCfg = Release|Any CPU
		{1F7637C8-6A7F-49B5-9632-6FB19A2DA024}.Release|Any CPU.Build.0 = Release|Any CPU
		{50D4E654-9B68-4E00-B47A-DF702D00B524}.Debug|Any CPU.ActiveCfg = Debug|Any CPU
		{50D4E654-9B68-4E00-B47A-DF702D00B524}.Debug|Any CPU.Build.0 = Debug|Any CPU
		{50D4E654-9B68-4E00-B47A-DF702D00B524}.Release|Any CPU.ActiveCfg = Release|Any CPU
		{50D4E654-9B68-4E00-B47A-DF702D00B524}.Release|Any CPU.Build.0 = Release|Any CPU
		{8D6FC4A0-362E-4B06-A7ED-2D56C3334323}.Debug|Any CPU.ActiveCfg = Debug|Any CPU
		{8D6FC4A0-362E-4B06-A7ED-2D56C3334323}.Debug|Any CPU.Build.0 = Debug|Any CPU
		{8D6FC4A0-362E-4B06-A7ED-2D56C3334323}.Release|Any CPU.ActiveCfg = Release|Any CPU
		{8D6FC4A0-362E-4B06-A7ED-2D56C3334323}.Release|Any CPU.Build.0 = Release|Any CPU
		{B350D954-BCF1-4EC3-A30F-A676B302C773}.Debug|Any CPU.ActiveCfg = Debug|Any CPU
		{B350D954-BCF1-4EC3-A30F-A676B302C773}.Debug|Any CPU.Build.0 = Debug|Any CPU
		{B350D954-BCF1-4EC3-A30F-A676B302C773}.Release|Any CPU.ActiveCfg = Release|Any CPU
		{B350D954-BCF1-4EC3-A30F-A676B302C773}.Release|Any CPU.Build.0 = Release|Any CPU
		{38EC39C4-3F9A-4EAF-A178-6EF0FF440752}.Debug|Any CPU.ActiveCfg = Debug|Any CPU
		{38EC39C4-3F9A-4EAF-A178-6EF0FF440752}.Debug|Any CPU.Build.0 = Debug|Any CPU
		{38EC39C4-3F9A-4EAF-A178-6EF0FF440752}.Release|Any CPU.ActiveCfg = Release|Any CPU
		{38EC39C4-3F9A-4EAF-A178-6EF0FF440752}.Release|Any CPU.Build.0 = Release|Any CPU
	EndGlobalSection
	GlobalSection(SolutionProperties) = preSolution
		HideSolutionNode = FALSE
	EndGlobalSection
	GlobalSection(ExtensibilityGlobals) = postSolution
		SolutionGuid = {C6925787-8D0F-4973-B8D8-6B59E467025D}
	EndGlobalSection
EndGlobal
